Microsoft Visual Studio Solution File, Format Version 12.00
# Visual Studio Version 17
VisualStudioVersion = 17.13.35931.197
MinimumVisualStudioVersion = 10.0.40219.1
Project("{FAE04EC0-301F-11D3-BF4B-00C04F79EFBC}") = "Lc-0_Chess", "Lc-0_Chess\Lc-0_Chess.csproj", "{34B7A583-D6E8-47E7-A557-4A97138383F3}"
EndProject
Project("{FAE04EC0-301F-11D3-BF4B-00C04F79EFBC}") = "Lc-0_Chess.Tests", "Lc-0_Chess.Tests\Lc-0_Chess.Tests.csproj", "{56FFA42E-EC06-40F3-A3C8-BA7418B21C8B}"
EndProject
Global
	GlobalSection(SolutionConfigurationPlatforms) = preSolution
		Debug|Any CPU = Debug|Any CPU
		Release|Any CPU = Release|Any CPU
	EndGlobalSection
	GlobalSection(ProjectConfigurationPlatforms) = postSolution
		{34B7A583-D6E8-47E7-A557-4A97138383F3}.Debug|Any CPU.ActiveCfg = Debug|Any CPU
		{34B7A583-D6E8-47E7-A557-4A97138383F3}.Debug|Any CPU.Build.0 = Debug|Any CPU
		{34B7A583-D6E8-47E7-A557-4A97138383F3}.Release|Any CPU.ActiveCfg = Release|Any CPU
		{34B7A583-D6E8-47E7-A557-4A97138383F3}.Release|Any CPU.Build.0 = Release|Any CPU
		{56FFA42E-EC06-40F3-A3C8-BA7418B21C8B}.Debug|Any CPU.ActiveCfg = Debug|Any CPU
		{56FFA42E-EC06-40F3-A3C8-BA7418B21C8B}.Debug|Any CPU.Build.0 = Debug|Any CPU
		{56FFA42E-EC06-40F3-A3C8-BA7418B21C8B}.Release|Any CPU.ActiveCfg = Release|Any CPU
		{56FFA42E-EC06-40F3-A3C8-BA7418B21C8B}.Release|Any CPU.Build.0 = Release|Any CPU
	EndGlobalSection
	GlobalSection(SolutionProperties) = preSolution
		HideSolutionNode = FALSE
	EndGlobalSection
	GlobalSection(ExtensibilityGlobals) = postSolution
		SolutionGuid = {E2D6F28C-35E7-47C5-AB7B-0E8142E3D573}
	EndGlobalSection
EndGlobal
